
Microsoft Visual Studio Solution File, Format Version 12.00
# Visual Studio Version 17
VisualStudioVersion = 17.12.35707.178 d17.12
MinimumVisualStudioVersion = 10.0.40219.1
Project("{FAE04EC0-301F-11D3-BF4B-00C04F79EFBC}") = "ProjectCafeWeb", "ProjectCafeWeb\ProjectCafeWeb.csproj", "{A36D1F97-59B3-4077-AF66-4BE259FCB77F}"
EndProject
Project("{FAE04EC0-301F-11D3-BF4B-00C04F79EFBC}") = "ProjectCafeDataAccess", "ProjectCafeDataAccess\ProjectCafeDataAccess.csproj", "{E7E6CCB1-E5CB-46E0-B3EE-FF113C9E434F}"
EndProject
Project("{FAE04EC0-301F-11D3-BF4B-00C04F79EFBC}") = "ProjectCafeEntities", "ProjectCafeEntities\ProjectCafeEntities.csproj", "{F503203A-184B-4CB4-BA3F-AF9B55C65F87}"
EndProject
Global
	GlobalSection(SolutionConfigurationPlatforms) = preSolution
		Debug|Any CPU = Debug|Any CPU
		Release|Any CPU = Release|Any CPU
	EndGlobalSection
	GlobalSection(ProjectConfigurationPlatforms) = postSolution
		{A36D1F97-59B3-4077-AF66-4BE259FCB77F}.Debug|Any CPU.ActiveCfg = Debug|Any CPU
		{A36D1F97-59B3-4077-AF66-4BE259FCB77F}.Debug|Any CPU.Build.0 = Debug|Any CPU
		{A36D1F97-59B3-4077-AF66-4BE259FCB77F}.Release|Any CPU.ActiveCfg = Release|Any CPU
		{A36D1F97-59B3-4077-AF66-4BE259FCB77F}.Release|Any CPU.Build.0 = Release|Any CPU
		{E7E6CCB1-E5CB-46E0-B3EE-FF113C9E434F}.Debug|Any CPU.ActiveCfg = Debug|Any CPU
		{E7E6CCB1-E5CB-46E0-B3EE-FF113C9E434F}.Debug|Any CPU.Build.0 = Debug|Any CPU
		{E7E6CCB1-E5CB-46E0-B3EE-FF113C9E434F}.Release|Any CPU.ActiveCfg = Release|Any CPU
		{E7E6CCB1-E5CB-46E0-B3EE-FF113C9E434F}.Release|Any CPU.Build.0 = Release|Any CPU
		{F503203A-184B-4CB4-BA3F-AF9B55C65F87}.Debug|Any CPU.ActiveCfg = Debug|Any CPU
		{F503203A-184B-4CB4-BA3F-AF9B55C65F87}.Debug|Any CPU.Build.0 = Debug|Any CPU
		{F503203A-184B-4CB4-BA3F-AF9B55C65F87}.Release|Any CPU.ActiveCfg = Release|Any CPU
		{F503203A-184B-4CB4-BA3F-AF9B55C65F87}.Release|Any CPU.Build.0 = Release|Any CPU
	EndGlobalSection
	GlobalSection(SolutionProperties) = preSolution
		HideSolutionNode = FALSE
	EndGlobalSection
EndGlobal
